
Microsoft Visual Studio Solution File, Format Version 12.00
# Visual Studio Version 16
VisualStudioVersion = 16.0.31129.286
MinimumVisualStudioVersion = 10.0.40219.1
Project("{FAE04EC0-301F-11D3-BF4B-00C04F79EFBC}") = "Hash", "Hash\Hash.csproj", "{1DE03981-CCBF-4ECB-9641-8CB34FF31469}"
EndProject
Global
	GlobalSection(SolutionConfigurationPlatforms) = preSolution
		Debug|Any CPU = Debug|Any CPU
		Release|Any CPU = Release|Any CPU
	EndGlobalSection
	GlobalSection(ProjectConfigurationPlatforms) = postSolution
		{1DE03981-CCBF-4ECB-9641-8CB34FF31469}.Debug|Any CPU.ActiveCfg = Debug|Any CPU
		{1DE03981-CCBF-4ECB-9641-8CB34FF31469}.Debug|Any CPU.Build.0 = Debug|Any CPU
		{1DE03981-CCBF-4ECB-9641-8CB34FF31469}.Release|Any CPU.ActiveCfg = Release|Any CPU
		{1DE03981-CCBF-4ECB-9641-8CB34FF31469}.Release|Any CPU.Build.0 = Release|Any CPU
	EndGlobalSection
	GlobalSection(SolutionProperties) = preSolution
		HideSolutionNode = FALSE
	EndGlobalSection
	GlobalSection(ExtensibilityGlobals) = postSolution
		SolutionGuid = {89975F62-4B19-440C-A418-EC396FDD4ACA}
	EndGlobalSection
EndGlobal
